
Microsoft Visual Studio Solution File, Format Version 12.00
# Visual Studio 14
VisualStudioVersion = 14.0.25420.1
MinimumVisualStudioVersion = 10.0.40219.1
Project("{FAE04EC0-301F-11D3-BF4B-00C04F79EFBC}") = "HelloAccess2", "HelloAccess2\HelloAccess2.csproj", "{C6C5F86D-4D65-494B-A1FE-57A5085BC52C}"
EndProject
Project("{FAE04EC0-301F-11D3-BF4B-00C04F79EFBC}") = "MyLib", "MyLib\MyLib.csproj", "{0D7D8794-2F83-4BEE-A310-3CEB3BC5000C}"
EndProject
Global
	GlobalSection(SolutionConfigurationPlatforms) = preSolution
		Debug|Any CPU = Debug|Any CPU
		Release|Any CPU = Release|Any CPU
	EndGlobalSection
	GlobalSection(ProjectConfigurationPlatforms) = postSolution
		{C6C5F86D-4D65-494B-A1FE-57A5085BC52C}.Debug|Any CPU.ActiveCfg = Debug|Any CPU
		{C6C5F86D-4D65-494B-A1FE-57A5085BC52C}.Debug|Any CPU.Build.0 = Debug|Any CPU
		{C6C5F86D-4D65-494B-A1FE-57A5085BC52C}.Release|Any CPU.ActiveCfg = Release|Any CPU
		{C6C5F86D-4D65-494B-A1FE-57A5085BC52C}.Release|Any CPU.Build.0 = Release|Any CPU
		{0D7D8794-2F83-4BEE-A310-3CEB3BC5000C}.Debug|Any CPU.ActiveCfg = Debug|Any CPU
		{0D7D8794-2F83-4BEE-A310-3CEB3BC5000C}.Debug|Any CPU.Build.0 = Debug|Any CPU
		{0D7D8794-2F83-4BEE-A310-3CEB3BC5000C}.Release|Any CPU.ActiveCfg = Release|Any CPU
		{0D7D8794-2F83-4BEE-A310-3CEB3BC5000C}.Release|Any CPU.Build.0 = Release|Any CPU
	EndGlobalSection
	GlobalSection(SolutionProperties) = preSolution
		HideSolutionNode = FALSE
	EndGlobalSection
EndGlobal
