
Microsoft Visual Studio Solution File, Format Version 12.00
# Visual Studio 14
VisualStudioVersion = 14.0.25420.1
MinimumVisualStudioVersion = 10.0.40219.1
Project("{FAE04EC0-301F-11D3-BF4B-00C04F79EFBC}") = "StatementsExample2", "StatementsExample2\StatementsExample2.csproj", "{D4CD9306-B980-41B7-814B-05E9F150BF4A}"
EndProject
Global
	GlobalSection(SolutionConfigurationPlatforms) = preSolution
		Debug|Any CPU = Debug|Any CPU
		Release|Any CPU = Release|Any CPU
	EndGlobalSection
	GlobalSection(ProjectConfigurationPlatforms) = postSolution
		{D4CD9306-B980-41B7-814B-05E9F150BF4A}.Debug|Any CPU.ActiveCfg = Debug|Any CPU
		{D4CD9306-B980-41B7-814B-05E9F150BF4A}.Debug|Any CPU.Build.0 = Debug|Any CPU
		{D4CD9306-B980-41B7-814B-05E9F150BF4A}.Release|Any CPU.ActiveCfg = Release|Any CPU
		{D4CD9306-B980-41B7-814B-05E9F150BF4A}.Release|Any CPU.Build.0 = Release|Any CPU
	EndGlobalSection
	GlobalSection(SolutionProperties) = preSolution
		HideSolutionNode = FALSE
	EndGlobalSection
EndGlobal
