
Microsoft Visual Studio Solution File, Format Version 12.00
# Visual Studio 14
VisualStudioVersion = 14.0.25420.1
MinimumVisualStudioVersion = 10.0.40219.1
Project("{FAE04EC0-301F-11D3-BF4B-00C04F79EFBC}") = "ParametersExample11", "ParametersExample11\ParametersExample11.csproj", "{93A0CF60-70FE-4940-BA42-C993B1400BEA}"
EndProject
Global
	GlobalSection(SolutionConfigurationPlatforms) = preSolution
		Debug|Any CPU = Debug|Any CPU
		Release|Any CPU = Release|Any CPU
	EndGlobalSection
	GlobalSection(ProjectConfigurationPlatforms) = postSolution
		{93A0CF60-70FE-4940-BA42-C993B1400BEA}.Debug|Any CPU.ActiveCfg = Debug|Any CPU
		{93A0CF60-70FE-4940-BA42-C993B1400BEA}.Debug|Any CPU.Build.0 = Debug|Any CPU
		{93A0CF60-70FE-4940-BA42-C993B1400BEA}.Release|Any CPU.ActiveCfg = Release|Any CPU
		{93A0CF60-70FE-4940-BA42-C993B1400BEA}.Release|Any CPU.Build.0 = Release|Any CPU
	EndGlobalSection
	GlobalSection(SolutionProperties) = preSolution
		HideSolutionNode = FALSE
	EndGlobalSection
EndGlobal
